{
  "version": 4,
  "terraform_version": "1.6.0",
  "serial": 17,
  "lineage": "b33c17aa-f4d9-d096-c2b0-906c1b4beb7f",
  "outputs": {
    "controller_public_ip": {
      "value": "15.206.122.72",
      "type": "string"
    },
    "manager_public_ip": {
      "value": "13.202.16.74",
      "type": "string"
    },
    "workera_public_ip": {
      "value": "15.206.231.23",
      "type": "string"
    },
    "workerb_public_ip": {
      "value": "13.204.174.200",
      "type": "string"
    }
  },
  "resources": [
    {
      "mode": "data",
      "type": "aws_ami",
      "name": "ubuntu",
      "provider": "provider[\"registry.terraform.io/hashicorp/aws\"]",
      "instances": [
        {
          "schema_version": 0,
          "attributes": {
            "allow_unsafe_filter": null,
            "architecture": "x86_64",
            "arn": "arn:aws:ec2:ap-south-1::image/ami-06cc5ebfb8571a147",
            "block_device_mappings": [
              {
                "device_name": "/dev/sda1",
                "ebs": {
                  "delete_on_termination": "true",
                  "encrypted": "false",
                  "iops": "0",
                  "snapshot_id": "snap-00ceaac6accfcd698",
                  "throughput": "0",
                  "volume_initialization_rate": "0",
                  "volume_size": "8",
                  "volume_type": "gp2"
                },
                "no_device": "",
                "virtual_name": ""
              },
              {
                "device_name": "/dev/sdb",
                "ebs": {},
                "no_device": "",
                "virtual_name": "ephemeral0"
              },
              {
                "device_name": "/dev/sdc",
                "ebs": {},
                "no_device": "",
                "virtual_name": "ephemeral1"
              }
            ],
            "boot_mode": "legacy-bios",
            "creation_date": "2025-06-25T05:32:35.000Z",
            "deprecation_time": "2027-06-25T05:32:35.000Z",
            "description": "Canonical, Ubuntu, 20.04, amd64 focal image",
            "ena_support": true,
            "executable_users": null,
            "filter": [
              {
                "name": "name",
                "values": [
                  "ubuntu/images/hvm-ssd/ubuntu-focal-20.04-amd64-server-*"
                ]
              }
            ],
            "hypervisor": "xen",
            "id": "ami-06cc5ebfb8571a147",
            "image_id": "ami-06cc5ebfb8571a147",
            "image_location": "amazon/ubuntu/images/hvm-ssd/ubuntu-focal-20.04-amd64-server-20250624",
            "image_owner_alias": "amazon",
            "image_type": "machine",
            "imds_support": "",
            "include_deprecated": false,
            "kernel_id": "",
            "last_launched_time": "",
            "most_recent": true,
            "name": "ubuntu/images/hvm-ssd/ubuntu-focal-20.04-amd64-server-20250624",
            "name_regex": null,
            "owner_id": "099720109477",
            "owners": [
              "099720109477"
            ],
            "platform": "",
            "platform_details": "Linux/UNIX",
            "product_codes": [],
            "public": true,
            "ramdisk_id": "",
            "region": "ap-south-1",
            "root_device_name": "/dev/sda1",
            "root_device_type": "ebs",
            "root_snapshot_id": "snap-00ceaac6accfcd698",
            "sriov_net_support": "simple",
            "state": "available",
            "state_reason": {
              "code": "UNSET",
              "message": "UNSET"
            },
            "tags": {},
            "timeouts": null,
            "tpm_support": "",
            "uefi_data": null,
            "usage_operation": "RunInstances",
            "virtualization_type": "hvm"
          },
          "sensitive_attributes": []
        }
      ]
    },
    {
      "mode": "managed",
      "type": "aws_eip",
      "name": "manager_eip",
      "provider": "provider[\"registry.terraform.io/hashicorp/aws\"]",
      "instances": [
        {
          "schema_version": 0,
          "attributes": {
            "address": null,
            "allocation_id": "eipalloc-0b34b9fe7596dd861",
            "arn": "arn:aws:ec2:ap-south-1:742899594138:elastic-ip/eipalloc-0b34b9fe7596dd861",
            "associate_with_private_ip": null,
            "association_id": "eipassoc-0f49d55fd04a0323e",
            "carrier_ip": "",
            "customer_owned_ip": "",
            "customer_owned_ipv4_pool": "",
            "domain": "vpc",
            "id": "eipalloc-0b34b9fe7596dd861",
            "instance": "i-0c3e4da9708bc566c",
            "ipam_pool_id": null,
            "network_border_group": "ap-south-1",
            "network_interface": "eni-0b64e697c55c6645c",
            "private_dns": "ip-172-31-32-163.ap-south-1.compute.internal",
            "private_ip": "172.31.32.163",
            "ptr_record": "",
            "public_dns": "ec2-13-202-16-74.ap-south-1.compute.amazonaws.com",
            "public_ip": "13.202.16.74",
            "public_ipv4_pool": "amazon",
            "region": "ap-south-1",
            "tags": null,
            "tags_all": {},
            "timeouts": null
          },
          "sensitive_attributes": [],
          "private": "eyJlMmJmYjczMC1lY2FhLTExZTYtOGY4OC0zNDM2M2JjN2M0YzAiOnsiZGVsZXRlIjoxODAwMDAwMDAwMDAsInJlYWQiOjkwMDAwMDAwMDAwMCwidXBkYXRlIjozMDAwMDAwMDAwMDB9fQ==",
          "dependencies": [
            "aws_instance.servers",
            "aws_key_pair.deploy",
            "aws_security_group.devops_sg",
            "data.aws_ami.ubuntu",
            "tls_private_key.deploy_key"
          ]
        }
      ]
    },
    {
      "mode": "managed",
      "type": "aws_eip",
      "name": "workera_eip",
      "provider": "provider[\"registry.terraform.io/hashicorp/aws\"]",
      "instances": [
        {
          "schema_version": 0,
          "attributes": {
            "address": null,
            "allocation_id": "eipalloc-0368c05e36675ca94",
            "arn": "arn:aws:ec2:ap-south-1:742899594138:elastic-ip/eipalloc-0368c05e36675ca94",
            "associate_with_private_ip": null,
            "association_id": "eipassoc-067f377ba1cd46019",
            "carrier_ip": "",
            "customer_owned_ip": "",
            "customer_owned_ipv4_pool": "",
            "domain": "vpc",
            "id": "eipalloc-0368c05e36675ca94",
            "instance": "i-0b0e9989df533c191",
            "ipam_pool_id": null,
            "network_border_group": "ap-south-1",
            "network_interface": "eni-0e97965c01cda3631",
            "private_dns": "ip-172-31-42-243.ap-south-1.compute.internal",
            "private_ip": "172.31.42.243",
            "ptr_record": "",
            "public_dns": "ec2-15-206-231-23.ap-south-1.compute.amazonaws.com",
            "public_ip": "15.206.231.23",
            "public_ipv4_pool": "amazon",
            "region": "ap-south-1",
            "tags": null,
            "tags_all": {},
            "timeouts": null
          },
          "sensitive_attributes": [],
          "private": "eyJlMmJmYjczMC1lY2FhLTExZTYtOGY4OC0zNDM2M2JjN2M0YzAiOnsiZGVsZXRlIjoxODAwMDAwMDAwMDAsInJlYWQiOjkwMDAwMDAwMDAwMCwidXBkYXRlIjozMDAwMDAwMDAwMDB9fQ==",
          "dependencies": [
            "aws_instance.servers",
            "aws_key_pair.deploy",
            "aws_security_group.devops_sg",
            "data.aws_ami.ubuntu",
            "tls_private_key.deploy_key"
          ]
        }
      ]
    },
    {
      "mode": "managed",
      "type": "aws_eip",
      "name": "workerb_eip",
      "provider": "provider[\"registry.terraform.io/hashicorp/aws\"]",
      "instances": [
        {
          "schema_version": 0,
          "attributes": {
            "address": null,
            "allocation_id": "eipalloc-06023d3aa984d1bc2",
            "arn": "arn:aws:ec2:ap-south-1:742899594138:elastic-ip/eipalloc-06023d3aa984d1bc2",
            "associate_with_private_ip": null,
            "association_id": "eipassoc-0676d86a3f3a6f80e",
            "carrier_ip": "",
            "customer_owned_ip": "",
            "customer_owned_ipv4_pool": "",
            "domain": "vpc",
            "id": "eipalloc-06023d3aa984d1bc2",
            "instance": "i-0f663b35fab9f702d",
            "ipam_pool_id": null,
            "network_border_group": "ap-south-1",
            "network_interface": "eni-08b017fc5a15ac215",
            "private_dns": "ip-172-31-34-235.ap-south-1.compute.internal",
            "private_ip": "172.31.34.235",
            "ptr_record": "",
            "public_dns": "ec2-13-204-174-200.ap-south-1.compute.amazonaws.com",
            "public_ip": "13.204.174.200",
            "public_ipv4_pool": "amazon",
            "region": "ap-south-1",
            "tags": null,
            "tags_all": {},
            "timeouts": null
          },
          "sensitive_attributes": [],
          "private": "eyJlMmJmYjczMC1lY2FhLTExZTYtOGY4OC0zNDM2M2JjN2M0YzAiOnsiZGVsZXRlIjoxODAwMDAwMDAwMDAsInJlYWQiOjkwMDAwMDAwMDAwMCwidXBkYXRlIjozMDAwMDAwMDAwMDB9fQ==",
          "dependencies": [
            "aws_instance.servers",
            "aws_key_pair.deploy",
            "aws_security_group.devops_sg",
            "data.aws_ami.ubuntu",
            "tls_private_key.deploy_key"
          ]
        }
      ]
    },
    {
      "mode": "managed",
      "type": "aws_instance",
      "name": "servers",
      "provider": "provider[\"registry.terraform.io/hashicorp/aws\"]",
      "instances": [
        {
          "index_key": "controller",
          "schema_version": 2,
          "attributes": {
            "ami": "ami-06cc5ebfb8571a147",
            "arn": "arn:aws:ec2:ap-south-1:742899594138:instance/i-05af767d88ff4c16b",
            "associate_public_ip_address": true,
            "availability_zone": "ap-south-1a",
            "capacity_reservation_specification": [
              {
                "capacity_reservation_preference": "open",
                "capacity_reservation_target": []
              }
            ],
            "cpu_options": [
              {
                "amd_sev_snp": "",
                "core_count": 1,
                "threads_per_core": 1
              }
            ],
            "credit_specification": [
              {
                "cpu_credits": "standard"
              }
            ],
            "disable_api_stop": false,
            "disable_api_termination": false,
            "ebs_block_device": [],
            "ebs_optimized": false,
            "enable_primary_ipv6": null,
            "enclave_options": [
              {
                "enabled": false
              }
            ],
            "ephemeral_block_device": [],
            "force_destroy": false,
            "get_password_data": false,
            "hibernation": false,
            "host_id": "",
            "host_resource_group_arn": null,
            "iam_instance_profile": "",
            "id": "i-05af767d88ff4c16b",
            "instance_initiated_shutdown_behavior": "stop",
            "instance_lifecycle": "",
            "instance_market_options": [],
            "instance_state": "running",
            "instance_type": "t2.micro",
            "ipv6_address_count": 0,
            "ipv6_addresses": [],
            "key_name": "devops-terraform-key",
            "launch_template": [],
            "maintenance_options": [
              {
                "auto_recovery": "default"
              }
            ],
            "metadata_options": [
              {
                "http_endpoint": "enabled",
                "http_protocol_ipv6": "disabled",
                "http_put_response_hop_limit": 1,
                "http_tokens": "optional",
                "instance_metadata_tags": "disabled"
              }
            ],
            "monitoring": false,
            "network_interface": [],
            "outpost_arn": "",
            "password_data": "",
            "placement_group": "",
            "placement_group_id": "",
            "placement_partition_number": 0,
            "primary_network_interface": [
              {
                "delete_on_termination": true,
                "network_interface_id": "eni-053bd65c95284fe71"
              }
            ],
            "primary_network_interface_id": "eni-053bd65c95284fe71",
            "private_dns": "ip-172-31-35-235.ap-south-1.compute.internal",
            "private_dns_name_options": [
              {
                "enable_resource_name_dns_a_record": false,
                "enable_resource_name_dns_aaaa_record": false,
                "hostname_type": "ip-name"
              }
            ],
            "private_ip": "172.31.35.235",
            "public_dns": "ec2-15-206-122-72.ap-south-1.compute.amazonaws.com",
            "public_ip": "15.206.122.72",
            "region": "ap-south-1",
            "root_block_device": [
              {
                "delete_on_termination": true,
                "device_name": "/dev/sda1",
                "encrypted": false,
                "iops": 100,
                "kms_key_id": "",
                "tags": {},
                "tags_all": {},
                "throughput": 0,
                "volume_id": "vol-0d0f0ea21b6c8264b",
                "volume_size": 8,
                "volume_type": "gp2"
              }
            ],
            "secondary_private_ips": [],
            "security_groups": [
              "devops-sg"
            ],
            "source_dest_check": true,
            "spot_instance_request_id": "",
            "subnet_id": "subnet-0e3c92bce220f16f8",
            "tags": {
              "Name": "controller"
            },
            "tags_all": {
              "Name": "controller"
            },
            "tenancy": "default",
            "timeouts": null,
            "user_data": null,
            "user_data_base64": null,
            "user_data_replace_on_change": false,
            "volume_tags": null,
            "vpc_security_group_ids": [
              "sg-098669932e24d1c77"
            ]
          },
          "sensitive_attributes": [],
          "private": "eyJlMmJmYjczMC1lY2FhLTExZTYtOGY4OC0zNDM2M2JjN2M0YzAiOnsiY3JlYXRlIjo2MDAwMDAwMDAwMDAsImRlbGV0ZSI6MTIwMDAwMDAwMDAwMCwicmVhZCI6OTAwMDAwMDAwMDAwLCJ1cGRhdGUiOjYwMDAwMDAwMDAwMH0sInNjaGVtYV92ZXJzaW9uIjoiMiJ9",
          "dependencies": [
            "aws_key_pair.deploy",
            "aws_security_group.devops_sg",
            "data.aws_ami.ubuntu",
            "tls_private_key.deploy_key"
          ]
        },
        {
          "index_key": "manager",
          "schema_version": 2,
          "attributes": {
            "ami": "ami-06cc5ebfb8571a147",
            "arn": "arn:aws:ec2:ap-south-1:742899594138:instance/i-0c3e4da9708bc566c",
            "associate_public_ip_address": true,
            "availability_zone": "ap-south-1a",
            "capacity_reservation_specification": [
              {
                "capacity_reservation_preference": "open",
                "capacity_reservation_target": []
              }
            ],
            "cpu_options": [
              {
                "amd_sev_snp": "",
                "core_count": 1,
                "threads_per_core": 1
              }
            ],
            "credit_specification": [
              {
                "cpu_credits": "standard"
              }
            ],
            "disable_api_stop": false,
            "disable_api_termination": false,
            "ebs_block_device": [],
            "ebs_optimized": false,
            "enable_primary_ipv6": null,
            "enclave_options": [
              {
                "enabled": false
              }
            ],
            "ephemeral_block_device": [],
            "force_destroy": false,
            "get_password_data": false,
            "hibernation": false,
            "host_id": "",
            "host_resource_group_arn": null,
            "iam_instance_profile": "",
            "id": "i-0c3e4da9708bc566c",
            "instance_initiated_shutdown_behavior": "stop",
            "instance_lifecycle": "",
            "instance_market_options": [],
            "instance_state": "running",
            "instance_type": "t2.micro",
            "ipv6_address_count": 0,
            "ipv6_addresses": [],
            "key_name": "devops-terraform-key",
            "launch_template": [],
            "maintenance_options": [
              {
                "auto_recovery": "default"
              }
            ],
            "metadata_options": [
              {
                "http_endpoint": "enabled",
                "http_protocol_ipv6": "disabled",
                "http_put_response_hop_limit": 1,
                "http_tokens": "optional",
                "instance_metadata_tags": "disabled"
              }
            ],
            "monitoring": false,
            "network_interface": [],
            "outpost_arn": "",
            "password_data": "",
            "placement_group": "",
            "placement_group_id": "",
            "placement_partition_number": 0,
            "primary_network_interface": [
              {
                "delete_on_termination": true,
                "network_interface_id": "eni-0b64e697c55c6645c"
              }
            ],
            "primary_network_interface_id": "eni-0b64e697c55c6645c",
            "private_dns": "ip-172-31-32-163.ap-south-1.compute.internal",
            "private_dns_name_options": [
              {
                "enable_resource_name_dns_a_record": false,
                "enable_resource_name_dns_aaaa_record": false,
                "hostname_type": "ip-name"
              }
            ],
            "private_ip": "172.31.32.163",
            "public_dns": "ec2-43-205-232-230.ap-south-1.compute.amazonaws.com",
            "public_ip": "43.205.232.230",
            "region": "ap-south-1",
            "root_block_device": [
              {
                "delete_on_termination": true,
                "device_name": "/dev/sda1",
                "encrypted": false,
                "iops": 100,
                "kms_key_id": "",
                "tags": {},
                "tags_all": {},
                "throughput": 0,
                "volume_id": "vol-005b4a610f9baea30",
                "volume_size": 8,
                "volume_type": "gp2"
              }
            ],
            "secondary_private_ips": [],
            "security_groups": [
              "devops-sg"
            ],
            "source_dest_check": true,
            "spot_instance_request_id": "",
            "subnet_id": "subnet-0e3c92bce220f16f8",
            "tags": {
              "Name": "manager"
            },
            "tags_all": {
              "Name": "manager"
            },
            "tenancy": "default",
            "timeouts": null,
            "user_data": null,
            "user_data_base64": null,
            "user_data_replace_on_change": false,
            "volume_tags": null,
            "vpc_security_group_ids": [
              "sg-098669932e24d1c77"
            ]
          },
          "sensitive_attributes": [],
          "private": "eyJlMmJmYjczMC1lY2FhLTExZTYtOGY4OC0zNDM2M2JjN2M0YzAiOnsiY3JlYXRlIjo2MDAwMDAwMDAwMDAsImRlbGV0ZSI6MTIwMDAwMDAwMDAwMCwicmVhZCI6OTAwMDAwMDAwMDAwLCJ1cGRhdGUiOjYwMDAwMDAwMDAwMH0sInNjaGVtYV92ZXJzaW9uIjoiMiJ9",
          "dependencies": [
            "aws_key_pair.deploy",
            "aws_security_group.devops_sg",
            "data.aws_ami.ubuntu",
            "tls_private_key.deploy_key"
          ]
        },
        {
          "index_key": "workera",
          "schema_version": 2,
          "attributes": {
            "ami": "ami-06cc5ebfb8571a147",
            "arn": "arn:aws:ec2:ap-south-1:742899594138:instance/i-0b0e9989df533c191",
            "associate_public_ip_address": true,
            "availability_zone": "ap-south-1a",
            "capacity_reservation_specification": [
              {
                "capacity_reservation_preference": "open",
                "capacity_reservation_target": []
              }
            ],
            "cpu_options": [
              {
                "amd_sev_snp": "",
                "core_count": 1,
                "threads_per_core": 1
              }
            ],
            "credit_specification": [
              {
                "cpu_credits": "standard"
              }
            ],
            "disable_api_stop": false,
            "disable_api_termination": false,
            "ebs_block_device": [],
            "ebs_optimized": false,
            "enable_primary_ipv6": null,
            "enclave_options": [
              {
                "enabled": false
              }
            ],
            "ephemeral_block_device": [],
            "force_destroy": false,
            "get_password_data": false,
            "hibernation": false,
            "host_id": "",
            "host_resource_group_arn": null,
            "iam_instance_profile": "",
            "id": "i-0b0e9989df533c191",
            "instance_initiated_shutdown_behavior": "stop",
            "instance_lifecycle": "",
            "instance_market_options": [],
            "instance_state": "running",
            "instance_type": "t2.micro",
            "ipv6_address_count": 0,
            "ipv6_addresses": [],
            "key_name": "devops-terraform-key",
            "launch_template": [],
            "maintenance_options": [
              {
                "auto_recovery": "default"
              }
            ],
            "metadata_options": [
              {
                "http_endpoint": "enabled",
                "http_protocol_ipv6": "disabled",
                "http_put_response_hop_limit": 1,
                "http_tokens": "optional",
                "instance_metadata_tags": "disabled"
              }
            ],
            "monitoring": false,
            "network_interface": [],
            "outpost_arn": "",
            "password_data": "",
            "placement_group": "",
            "placement_group_id": "",
            "placement_partition_number": 0,
            "primary_network_interface": [
              {
                "delete_on_termination": true,
                "network_interface_id": "eni-0e97965c01cda3631"
              }
            ],
            "primary_network_interface_id": "eni-0e97965c01cda3631",
            "private_dns": "ip-172-31-42-243.ap-south-1.compute.internal",
            "private_dns_name_options": [
              {
                "enable_resource_name_dns_a_record": false,
                "enable_resource_name_dns_aaaa_record": false,
                "hostname_type": "ip-name"
              }
            ],
            "private_ip": "172.31.42.243",
            "public_dns": "ec2-13-235-27-28.ap-south-1.compute.amazonaws.com",
            "public_ip": "13.235.27.28",
            "region": "ap-south-1",
            "root_block_device": [
              {
                "delete_on_termination": true,
                "device_name": "/dev/sda1",
                "encrypted": false,
                "iops": 100,
                "kms_key_id": "",
                "tags": {},
                "tags_all": {},
                "throughput": 0,
                "volume_id": "vol-03fd0f6a8e92392f3",
                "volume_size": 8,
                "volume_type": "gp2"
              }
            ],
            "secondary_private_ips": [],
            "security_groups": [
              "devops-sg"
            ],
            "source_dest_check": true,
            "spot_instance_request_id": "",
            "subnet_id": "subnet-0e3c92bce220f16f8",
            "tags": {
              "Name": "workera"
            },
            "tags_all": {
              "Name": "workera"
            },
            "tenancy": "default",
            "timeouts": null,
            "user_data": null,
            "user_data_base64": null,
            "user_data_replace_on_change": false,
            "volume_tags": null,
            "vpc_security_group_ids": [
              "sg-098669932e24d1c77"
            ]
          },
          "sensitive_attributes": [],
          "private": "eyJlMmJmYjczMC1lY2FhLTExZTYtOGY4OC0zNDM2M2JjN2M0YzAiOnsiY3JlYXRlIjo2MDAwMDAwMDAwMDAsImRlbGV0ZSI6MTIwMDAwMDAwMDAwMCwicmVhZCI6OTAwMDAwMDAwMDAwLCJ1cGRhdGUiOjYwMDAwMDAwMDAwMH0sInNjaGVtYV92ZXJzaW9uIjoiMiJ9",
          "dependencies": [
            "aws_key_pair.deploy",
            "aws_security_group.devops_sg",
            "data.aws_ami.ubuntu",
            "tls_private_key.deploy_key"
          ]
        },
        {
          "index_key": "workerb",
          "schema_version": 2,
          "attributes": {
            "ami": "ami-06cc5ebfb8571a147",
            "arn": "arn:aws:ec2:ap-south-1:742899594138:instance/i-0f663b35fab9f702d",
            "associate_public_ip_address": true,
            "availability_zone": "ap-south-1a",
            "capacity_reservation_specification": [
              {
                "capacity_reservation_preference": "open",
                "capacity_reservation_target": []
              }
            ],
            "cpu_options": [
              {
                "amd_sev_snp": "",
                "core_count": 1,
                "threads_per_core": 1
              }
            ],
            "credit_specification": [
              {
                "cpu_credits": "standard"
              }
            ],
            "disable_api_stop": false,
            "disable_api_termination": false,
            "ebs_block_device": [],
            "ebs_optimized": false,
            "enable_primary_ipv6": null,
            "enclave_options": [
              {
                "enabled": false
              }
            ],
            "ephemeral_block_device": [],
            "force_destroy": false,
            "get_password_data": false,
            "hibernation": false,
            "host_id": "",
            "host_resource_group_arn": null,
            "iam_instance_profile": "",
            "id": "i-0f663b35fab9f702d",
            "instance_initiated_shutdown_behavior": "stop",
            "instance_lifecycle": "",
            "instance_market_options": [],
            "instance_state": "running",
            "instance_type": "t2.micro",
            "ipv6_address_count": 0,
            "ipv6_addresses": [],
            "key_name": "devops-terraform-key",
            "launch_template": [],
            "maintenance_options": [
              {
                "auto_recovery": "default"
              }
            ],
            "metadata_options": [
              {
                "http_endpoint": "enabled",
                "http_protocol_ipv6": "disabled",
                "http_put_response_hop_limit": 1,
                "http_tokens": "optional",
                "instance_metadata_tags": "disabled"
              }
            ],
            "monitoring": false,
            "network_interface": [],
            "outpost_arn": "",
            "password_data": "",
            "placement_group": "",
            "placement_group_id": "",
            "placement_partition_number": 0,
            "primary_network_interface": [
              {
                "delete_on_termination": true,
                "network_interface_id": "eni-08b017fc5a15ac215"
              }
            ],
            "primary_network_interface_id": "eni-08b017fc5a15ac215",
            "private_dns": "ip-172-31-34-235.ap-south-1.compute.internal",
            "private_dns_name_options": [
              {
                "enable_resource_name_dns_a_record": false,
                "enable_resource_name_dns_aaaa_record": false,
                "hostname_type": "ip-name"
              }
            ],
            "private_ip": "172.31.34.235",
            "public_dns": "ec2-65-1-1-72.ap-south-1.compute.amazonaws.com",
            "public_ip": "65.1.1.72",
            "region": "ap-south-1",
            "root_block_device": [
              {
                "delete_on_termination": true,
                "device_name": "/dev/sda1",
                "encrypted": false,
                "iops": 100,
                "kms_key_id": "",
                "tags": {},
                "tags_all": {},
                "throughput": 0,
                "volume_id": "vol-05c82aab8f75f59aa",
                "volume_size": 8,
                "volume_type": "gp2"
              }
            ],
            "secondary_private_ips": [],
            "security_groups": [
              "devops-sg"
            ],
            "source_dest_check": true,
            "spot_instance_request_id": "",
            "subnet_id": "subnet-0e3c92bce220f16f8",
            "tags": {
              "Name": "workerb"
            },
            "tags_all": {
              "Name": "workerb"
            },
            "tenancy": "default",
            "timeouts": null,
            "user_data": null,
            "user_data_base64": null,
            "user_data_replace_on_change": false,
            "volume_tags": null,
            "vpc_security_group_ids": [
              "sg-098669932e24d1c77"
            ]
          },
          "sensitive_attributes": [],
          "private": "eyJlMmJmYjczMC1lY2FhLTExZTYtOGY4OC0zNDM2M2JjN2M0YzAiOnsiY3JlYXRlIjo2MDAwMDAwMDAwMDAsImRlbGV0ZSI6MTIwMDAwMDAwMDAwMCwicmVhZCI6OTAwMDAwMDAwMDAwLCJ1cGRhdGUiOjYwMDAwMDAwMDAwMH0sInNjaGVtYV92ZXJzaW9uIjoiMiJ9",
          "dependencies": [
            "aws_key_pair.deploy",
            "aws_security_group.devops_sg",
            "data.aws_ami.ubuntu",
            "tls_private_key.deploy_key"
          ]
        }
      ]
    },
    {
      "mode": "managed",
      "type": "aws_key_pair",
      "name": "deploy",
      "provider": "provider[\"registry.terraform.io/hashicorp/aws\"]",
      "instances": [
        {
          "schema_version": 1,
          "attributes": {
            "arn": "arn:aws:ec2:ap-south-1:742899594138:key-pair/devops-terraform-key",
            "fingerprint": "43:bf:ce:bf:66:28:84:b1:ff:a2:64:a3:d0:00:58:c0",
            "id": "devops-terraform-key",
            "key_name": "devops-terraform-key",
            "key_name_prefix": "",
            "key_pair_id": "key-0c4c2e985ec5280ee",
            "key_type": "rsa",
            "public_key": "ssh-rsa AAAAB3NzaC1yc2EAAAADAQABAAACAQC6gCRjp/cPfpXit/EvF84Eeg/t4hjvV/Ah9vRe0JMOCuHCm2+SJnzRuisMtrnmQkoKRfpWK4duRP27pDOV/r8Sp+ylOgY9JMsOzTT4POsFXXPWbcPvhZO2T61JWbGexoLJk/9nzVrmMTwOyUlVaYgJQNPz1oB8A9+Zx0G3mE8i6EnqgRqXXb4HdZm3xUHckwMXfwf3aGi1OlKZOz2GgV1oi+64YyT7WUEN4h3YBgUvLjaB8pYIqfr1z9g0Gby2+4biVtZSRAYgoDEHNgyIGqB1J5yBg6yCojrRf/buq8ghEkRcOAH1bb7tdozDGGm5idLGP9F9nKh7GEmrn2LF3u/LdRqwJj7Yc4X2MnA53dESr7hPki6aLB8w3WaHKP8kKLjz1MF8GKryinT09FXpiF4rTvAFw6QSCntOGP+4xD6Zabo9lCVi3wt+GDdEREFt1/eohoRkCO/BqHpYiuWvb36gGbFedIsBE1oebacNeReLE2h5kCkLQTyZQu0da9G94b7mV3C5Ih+/jG0h3yL3fDFKszL/oUkoZqzMaxYoth1Fj2lhADQplWZ/EmW3nmVlydXknmSiUCQ9m1fXs5PtUA1bj2yjORG9gr9U9e6UOwGR2/1fJhNJCZb0N1rAIC0SmdUPngJoRVaOJfF7APpVhIqou7UxEe4RUr6PAA8PFxglZQ==",
            "region": "ap-south-1",
            "tags": {},
            "tags_all": {}
          },
          "sensitive_attributes": [],
          "private": "eyJzY2hlbWFfdmVyc2lvbiI6IjEifQ==",
          "dependencies": [
            "tls_private_key.deploy_key"
          ]
        }
      ]
    },
    {
      "mode": "managed",
      "type": "aws_security_group",
      "name": "devops_sg",
      "provider": "provider[\"registry.terraform.io/hashicorp/aws\"]",
      "instances": [
        {
          "schema_version": 1,
          "attributes": {
            "arn": "arn:aws:ec2:ap-south-1:742899594138:security-group/sg-098669932e24d1c77",
            "description": "allow ssh,http,https and swarm ports",
            "egress": [
              {
                "cidr_blocks": [
                  "0.0.0.0/0"
                ],
                "description": "",
                "from_port": 0,
                "ipv6_cidr_blocks": [],
                "prefix_list_ids": [],
                "protocol": "-1",
                "security_groups": [],
                "self": false,
                "to_port": 0
              }
            ],
            "id": "sg-098669932e24d1c77",
            "ingress": [
              {
                "cidr_blocks": [
                  "0.0.0.0/0"
                ],
                "description": "Container data",
                "from_port": 7946,
                "ipv6_cidr_blocks": [],
                "prefix_list_ids": [],
                "protocol": "tcp",
                "security_groups": [],
                "self": false,
                "to_port": 7946
              },
              {
                "cidr_blocks": [
                  "0.0.0.0/0"
                ],
                "description": "Docker Swarm (2377)",
                "from_port": 2377,
                "ipv6_cidr_blocks": [],
                "prefix_list_ids": [],
                "protocol": "tcp",
                "security_groups": [],
                "self": false,
                "to_port": 2377
              },
              {
                "cidr_blocks": [
                  "0.0.0.0/0"
                ],
                "description": "HTTP",
                "from_port": 80,
                "ipv6_cidr_blocks": [],
                "prefix_list_ids": [],
                "protocol": "tcp",
                "security_groups": [],
                "self": false,
                "to_port": 80
              },
              {
                "cidr_blocks": [
                  "0.0.0.0/0"
                ],
                "description": "Overlay network",
                "from_port": 4789,
                "ipv6_cidr_blocks": [],
                "prefix_list_ids": [],
                "protocol": "udp",
                "security_groups": [],
                "self": false,
                "to_port": 4789
              },
              {
                "cidr_blocks": [
                  "0.0.0.0/0"
                ],
                "description": "SSH",
                "from_port": 22,
                "ipv6_cidr_blocks": [],
                "prefix_list_ids": [],
                "protocol": "tcp",
                "security_groups": [],
                "self": false,
                "to_port": 22
              }
            ],
            "name": "devops-sg",
            "name_prefix": "",
            "owner_id": "742899594138",
            "region": "ap-south-1",
            "revoke_rules_on_delete": null,
            "tags": {},
            "tags_all": {},
            "timeouts": null,
            "vpc_id": "vpc-078863758012ec418"
          },
          "sensitive_attributes": [],
          "private": "eyJlMmJmYjczMC1lY2FhLTExZTYtOGY4OC0zNDM2M2JjN2M0YzAiOnsiY3JlYXRlIjo2MDAwMDAwMDAwMDAsImRlbGV0ZSI6OTAwMDAwMDAwMDAwfSwic2NoZW1hX3ZlcnNpb24iOiIxIn0="
        }
      ]
    },
    {
      "mode": "managed",
      "type": "local_file",
      "name": "private_key_pem",
      "provider": "provider[\"registry.terraform.io/hashicorp/local\"]",
      "instances": [
        {
          "schema_version": 0,
          "attributes": {
            "content": "-----BEGIN RSA PRIVATE KEY-----\nMIIJKgIBAAKCAgEAuoAkY6f3D36V4rfxLxfOBHoP7eIY71fwIfb0XtCTDgrhwptv\nkiZ80borDLa55kJKCkX6ViuHbkT9u6Qzlf6/EqfspToGPSTLDs00+DzrBV1z1m3D\n74WTtk+tSVmxnsaCyZP/Z81a5jE8DslJVWmICUDT89aAfAPfmcdBt5hPIuhJ6oEa\nl12+B3WZt8VB3JMDF38H92hotTpSmTs9hoFdaIvuuGMk+1lBDeId2AYFLy42gfKW\nCKn69c/YNBm8tvuG4lbWUkQGIKAxBzYMiBqgdSecgYOsgqI60X/27qvIIRJEXDgB\n9W2+7XaMwxhpuYnSxj/RfZyoexhJq59ixd7vy3UasCY+2HOF9jJwOd3REq+4T5Iu\nmiwfMN1mhyj/JCi489TBfBiq8op09PRV6YheK07wBcOkEgp7Thj/uMQ+mWm6PZQl\nYt8Lfhg3RERBbdf3qIaEZAjvwah6WIrlr29+oBmxXnSLARNaHm2nDXkXixNoeZAp\nC0E8mULtHWvRveG+5ldwuSIfv4xtId8i93wxSrMy/6FJKGaszGsWKLYdRY9pYQA0\nKZVmfxJlt55lZcnV5J5kolAkPZtX17OT7VANW49sozkRvYK/VPXulDsBkdv9XyYT\nSQmW9DdawCAtEpnVD54CaEVWjiXxewD6VYSKqLu1MRHuEVK+jwAPDxcYJWUCAwEA\nAQKCAgAJSVwxLNSb4ZJrvvu0Jpv26Rpl8/4zMiPI7S0Z6N+JsXewYwuuhrAXGWK6\nDVc7D030g6uFeEFpd5H9h/Lxoxph6W6v2NslVvGtg6usOLb922YV5VKpA0kUU5Su\nCa392VCl4kgIzoGaOMAO1G23DRGIXxauwPLrj0h7tcpLRBBHYrMGNEuIrKhLuCAM\nCzcjrpusIy0ttUs8IEgAoqHbqBFopUnLxf66F/r/SqUbHqGfdHj5Bi/7r8seoQIu\nW0xkUtNSmJRaIFJVyY7nbFo6D2lcrA5E/LODBbpRYu0pe/BJL/RWIIvTFsCNE9F1\nMtVWNyCsXSfR+L0C9CCm+mwcAjqFHJgMZeXAJsLeSLJ5mOJqf1XodSRaXamS9Wcs\nYwSLJ6uVhCafcEsJ4LQn4HlpCGrt6rXNLp+GpQ3UrgXkcbYY3J3CjsPE+26DNSoE\nVZquwS44eFaWIwwl11CsmeucDxEnsfzJUmTnQvEpNS4PAnr/v8P/uSEBAqnyzTjJ\nsxckTJKQosFFFZSypd/pnJ/LbC8wminG+6NXMAe2AD+BlHPTx03e77RKkVpTMWw+\nFsDAn1GmznW3Z2nnIFTwQJTl/xw+4MV73L+fkjStacDar7Gf8uI+YDvv0/59a3/h\nqs/iBhk84ESqAV58gWWaznArcGuYFEwkevcTczE85szGRZOCgQKCAQEA05OP4gRY\nIFg9A0nnXjpREmyO4qYl2wj3kk7/MBoZTUuXFM+Uoc5j1itbYtP2C1QVrBQsYvwl\nT+nsx+AtpU7j0CqC3z/m51TpOvZUF2iMgAgJqPu/aLdpcmFKaxVQy0t2w/OxRHQj\nAo8T3FLyV2+2eKL1t540j8QxsauL2QUROfbaCcCEUsK5ixTrGUz5hSr2ocW8NGXD\nHhXzQeLYG3MiO+opixHZtsYujrUAWsvWqtjjMgYtb8uOMsyrBuEkjduSki6DGCNQ\niHDY9NIe+Yoy7EafGlBfK4i8e7glc9gCBAfDxzHwvDkRDQL9UytE0gXSg+QvZrre\n0ARI1E5yRPeQVQKCAQEA4ai6ci/hgdpvUiFHTfTxEYXssNRF7U5ysUW6HH03gMnj\nszm964Bk/Y4DRBwc3q7nA69aDN7yl832YN9WOeE654qrPMtAGLNkuRJhOLEANdA3\neuvDZ+zBlQf1z60ssh7cu6HodCn7uxhuU3cGvsJGgKRl5SQ38RgqVsQ99UNwe4WI\n06GuE0N75JbAK6em8TlPTrDLjSGDdOuESLkAshajhmkgvbt45j55U6wm5SKui/TW\nUiBjokU9e/5XfgKmjgi7XTvhF0vo8CQnFyj5ocZ5Tp7ARRuoqCnTKgoQL21RYliY\nO7vXB5YLxrXInnYQLizvv4NVutHWcdVo13kWzh4Q0QKCAQEAvYHllY9IlCgU9jYi\n+76GUVdVIGOrcqZ0geMqJZ6q3RYAzA4mVkv0FqgdIcczEfCNvOUQ4NRyY0Lm6By/\nJdskqJb7RBYLr1bZ1QtARPtLJX6NkIN1bckitOW573JXPNBqH5fORr8zgJ5BLs5I\n7NJOAX4NUxtsfv0/eaFrEMa+KEoYADYlD7AE2zOwZKgSsxnJcRsYuWIQw4jrqy8R\nXHzixAG4li018cVPfFlZaPo9XCgKUAtCdWlBA/VYlz/gKwPqI+9vUpaHEr7pRVhT\nkDYd6I5VAg/NPsQp9zL4sOtg2tVNocT0mNMQl7P+zZjq+qdmaOZhIsXsvyunRCrD\npUyNRQKCAQEAnJS6wu8MeFE8u22SD7rt563ZPh4dY3vyw6VRbeFJORld4Ygoi5gs\n+2+mPoWPVslgTUNIpfOxu7pTwoZWS5VIjU/AYE/cawdX1b+2LGNNdQnE5YtgrOUw\nshuy6mcMw4/8tEm1hZ14KivaqhnGWWlvCGaKucQ2+Rk+j7ReFai1DVDsT4U5x+4k\nssoUEHaltW6B5GVy6LwffmrKALg2jlx9HZAnAuBqFMG26GNlHcvB+CVs7dHBsOCA\nuGAVD8ABGD9g22HoX4Tx3mgHo99v0Fxq4i3v1kRJ9F4JQ3t2HaKqPSaig5hkrcPk\n6f5LdgEQWyodNfOI8jgWqChgNlu0glOEcQKCAQEAsag7OWUzlZfr2T4q8mlp/sQE\nykB4Ugw9zcUpanAsbXIm9AQNrkNmI5SthqJF0OjZd1S79V/ljFhLrdM0wOWVhISQ\nj+Od/YfMLRPj0c4JWNXZ4ZmwAJb2oMqfDBCwY3eD5Ykf7Gbsv+hcHz5gZUvV519m\ntLvSZHMuECUKU5IgqcY5WODLNcQMoxjoU/HFrzoiBrUEL9F5tMOGcypV1N1VrKAP\ns7UR5EnpPNYNwvg+Q00phIavdvvGYoWWpW69M5jCfW9+ndLMD9yPZA68Yr0jvI+j\n0prPAPBmFhJZhcAQQKUSRCXvWzZsFJOqBM5PelGehwhegUcRjmb7CJ4b15hzJA==\n-----END RSA PRIVATE KEY-----\n",
            "content_base64": null,
            "content_base64sha256": "CkEAKIwTATo6pPdcRiX7s6vNGw+3d8wZlvpbaC749eA=",
            "content_base64sha512": "YtVUotUsZJ44i0MUNka6/WWQY0J7xRojkOgNRLet4XBviIUv4VGv1UtN2alyYhLS6pTpvPFCJgsJa2MPbnd2lQ==",
            "content_md5": "972c0efd96223038b44e04ef7cb4a796",
            "content_sha1": "9257aa77c4fb2060fc6ac5c5fbdb48f99b21656a",
            "content_sha256": "0a4100288c13013a3aa4f75c4625fbb3abcd1b0fb777cc1996fa5b682ef8f5e0",
            "content_sha512": "62d554a2d52c649e388b43143646bafd659063427bc51a2390e80d44b7ade1706f88852fe151afd54b4dd9a9726212d2ea94e9bcf142260b096b630f6e777695",
            "directory_permission": "0777",
            "file_permission": "0400",
            "filename": "./terraform-key.pem",
            "id": "9257aa77c4fb2060fc6ac5c5fbdb48f99b21656a",
            "sensitive_content": null,
            "source": null
          },
          "sensitive_attributes": [
            [
              {
                "type": "get_attr",
                "value": "content"
              }
            ]
          ],
          "dependencies": [
            "tls_private_key.deploy_key"
          ]
        }
      ]
    },
    {
      "mode": "managed",
      "type": "tls_private_key",
      "name": "deploy_key",
      "provider": "provider[\"registry.terraform.io/hashicorp/tls\"]",
      "instances": [
        {
          "schema_version": 1,
          "attributes": {
            "algorithm": "RSA",
            "ecdsa_curve": "P224",
            "id": "2e8491f2c21fa80ba089479721366017402a8c69",
            "private_key_openssh": "-----BEGIN OPENSSH PRIVATE KEY-----\nb3BlbnNzaC1rZXktdjEAAAAABG5vbmUAAAAEbm9uZQAAAAAAAAABAAACFwAAAAdz\nc2gtcnNhAAAAAwEAAQAAAgEAuoAkY6f3D36V4rfxLxfOBHoP7eIY71fwIfb0XtCT\nDgrhwptvkiZ80borDLa55kJKCkX6ViuHbkT9u6Qzlf6/EqfspToGPSTLDs00+Dzr\nBV1z1m3D74WTtk+tSVmxnsaCyZP/Z81a5jE8DslJVWmICUDT89aAfAPfmcdBt5hP\nIuhJ6oEal12+B3WZt8VB3JMDF38H92hotTpSmTs9hoFdaIvuuGMk+1lBDeId2AYF\nLy42gfKWCKn69c/YNBm8tvuG4lbWUkQGIKAxBzYMiBqgdSecgYOsgqI60X/27qvI\nIRJEXDgB9W2+7XaMwxhpuYnSxj/RfZyoexhJq59ixd7vy3UasCY+2HOF9jJwOd3R\nEq+4T5IumiwfMN1mhyj/JCi489TBfBiq8op09PRV6YheK07wBcOkEgp7Thj/uMQ+\nmWm6PZQlYt8Lfhg3RERBbdf3qIaEZAjvwah6WIrlr29+oBmxXnSLARNaHm2nDXkX\nixNoeZApC0E8mULtHWvRveG+5ldwuSIfv4xtId8i93wxSrMy/6FJKGaszGsWKLYd\nRY9pYQA0KZVmfxJlt55lZcnV5J5kolAkPZtX17OT7VANW49sozkRvYK/VPXulDsB\nkdv9XyYTSQmW9DdawCAtEpnVD54CaEVWjiXxewD6VYSKqLu1MRHuEVK+jwAPDxcY\nJWUAAAc4YC3GCGAtxggAAAAHc3NoLXJzYQAAAgEAuoAkY6f3D36V4rfxLxfOBHoP\n7eIY71fwIfb0XtCTDgrhwptvkiZ80borDLa55kJKCkX6ViuHbkT9u6Qzlf6/Eqfs\npToGPSTLDs00+DzrBV1z1m3D74WTtk+tSVmxnsaCyZP/Z81a5jE8DslJVWmICUDT\n89aAfAPfmcdBt5hPIuhJ6oEal12+B3WZt8VB3JMDF38H92hotTpSmTs9hoFdaIvu\nuGMk+1lBDeId2AYFLy42gfKWCKn69c/YNBm8tvuG4lbWUkQGIKAxBzYMiBqgdSec\ngYOsgqI60X/27qvIIRJEXDgB9W2+7XaMwxhpuYnSxj/RfZyoexhJq59ixd7vy3Ua\nsCY+2HOF9jJwOd3REq+4T5IumiwfMN1mhyj/JCi489TBfBiq8op09PRV6YheK07w\nBcOkEgp7Thj/uMQ+mWm6PZQlYt8Lfhg3RERBbdf3qIaEZAjvwah6WIrlr29+oBmx\nXnSLARNaHm2nDXkXixNoeZApC0E8mULtHWvRveG+5ldwuSIfv4xtId8i93wxSrMy\n/6FJKGaszGsWKLYdRY9pYQA0KZVmfxJlt55lZcnV5J5kolAkPZtX17OT7VANW49s\nozkRvYK/VPXulDsBkdv9XyYTSQmW9DdawCAtEpnVD54CaEVWjiXxewD6VYSKqLu1\nMRHuEVK+jwAPDxcYJWUAAAADAQABAAACAAlJXDEs1Jvhkmu++7Qmm/bpGmXz/jMy\nI8jtLRno34mxd7BjC66GsBcZYroNVzsPTfSDq4V4QWl3kf2H8vGjGmHpbq/Y2yVW\n8a2Dq6w4tv3bZhXlUqkDSRRTlK4Jrf3ZUKXiSAjOgZo4wA7UbbcNEYhfFq7A8uuP\nSHu1yktEEEdiswY0S4isqEu4IAwLNyOum6wjLS21SzwgSACioduoEWilScvF/roX\n+v9KpRseoZ90ePkGL/uvyx6hAi5bTGRS01KYlFogUlXJjudsWjoPaVysDkT8s4MF\nulFi7Sl78Ekv9FYgi9MWwI0T0XUy1VY3IKxdJ9H4vQL0IKb6bBwCOoUcmAxl5cAm\nwt5IsnmY4mp/Veh1JFpdqZL1ZyxjBIsnq5WEJp9wSwngtCfgeWkIau3qtc0un4al\nDdSuBeRxthjcncKOw8T7boM1KgRVmq7BLjh4VpYjDCXXUKyZ65wPESex/MlSZOdC\n8Sk1Lg8Cev+/w/+5IQECqfLNOMmzFyRMkpCiwUUVlLKl3+mcn8tsLzCaKcb7o1cw\nB7YAP4GUc9PHTd7vtEqRWlMxbD4WwMCfUabOdbdnaecgVPBAlOX/HD7gxXvcv5+S\nNK1pwNqvsZ/y4j5gO+/T/n1rf+Gqz+IGGTzgRKoBXnyBZZrOcCtwa5gUTCR69xNz\nMTzmzMZFk4KBAAABAQCxqDs5ZTOVl+vZPiryaWn+xATKQHhSDD3NxSlqcCxtcib0\nBA2uQ2YjlK2GokXQ6Nl3VLv1X+WMWEut0zTA5ZWEhJCP4539h8wtE+PRzglY1dnh\nmbAAlvagyp8MELBjd4PliR/sZuy/6FwfPmBlS9XnX2a0u9Jkcy4QJQpTkiCpxjlY\n4Ms1xAyjGOhT8cWvOiIGtQQv0Xm0w4ZzKlXU3VWsoA+ztRHkSek81g3C+D5DTSmE\nhq92+8ZihZalbr0zmMJ9b36d0swP3I9kDrxivSO8j6PSms8A8GYWElmFwBBApRJE\nJe9bNmwUk6oEzk96UZ6HCF6BRxGOZvsInhvXmHMkAAABAQDTk4/iBFggWD0DSede\nOlESbI7ipiXbCPeSTv8wGhlNS5cUz5ShzmPWK1ti0/YLVBWsFCxi/CVP6ezH4C2l\nTuPQKoLfP+bnVOk69lQXaIyACAmo+79ot2lyYUprFVDLS3bD87FEdCMCjxPcUvJX\nb7Z4ovW3njSPxDGxq4vZBRE59toJwIRSwrmLFOsZTPmFKvahxbw0ZcMeFfNB4tgb\ncyI76imLEdm2xi6OtQBay9aq2OMyBi1vy44yzKsG4SSN25KSLoMYI1CIcNj00h75\nijLsRp8aUF8riLx7uCVz2AIEB8PHMfC8ORENAv1TK0TSBdKD5C9mut7QBEjUTnJE\n95BVAAABAQDhqLpyL+GB2m9SIUdN9PERheyw1EXtTnKxRbocfTeAyeOzOb3rgGT9\njgNEHBzerucDr1oM3vKXzfZg31Y54Trniqs8y0AYs2S5EmE4sQA10Dd668Nn7MGV\nB/XPrSyyHty7oeh0Kfu7GG5Tdwa+wkaApGXlJDfxGCpWxD31Q3B7hYjToa4TQ3vk\nlsArp6bxOU9OsMuNIYN064RIuQCyFqOGaSC9u3jmPnlTrCblIq6L9NZSIGOiRT17\n/ld+AqaOCLtdO+EXS+jwJCcXKPmhxnlOnsBFG6ioKdMqChAvbVFiWJg7u9cHlgvG\ntciedhAuLO+/g1W60dZx1WjXeRbOHhDRAAAAAAEC\n-----END OPENSSH PRIVATE KEY-----\n",
            "private_key_pem": "-----BEGIN RSA PRIVATE KEY-----\nMIIJKgIBAAKCAgEAuoAkY6f3D36V4rfxLxfOBHoP7eIY71fwIfb0XtCTDgrhwptv\nkiZ80borDLa55kJKCkX6ViuHbkT9u6Qzlf6/EqfspToGPSTLDs00+DzrBV1z1m3D\n74WTtk+tSVmxnsaCyZP/Z81a5jE8DslJVWmICUDT89aAfAPfmcdBt5hPIuhJ6oEa\nl12+B3WZt8VB3JMDF38H92hotTpSmTs9hoFdaIvuuGMk+1lBDeId2AYFLy42gfKW\nCKn69c/YNBm8tvuG4lbWUkQGIKAxBzYMiBqgdSecgYOsgqI60X/27qvIIRJEXDgB\n9W2+7XaMwxhpuYnSxj/RfZyoexhJq59ixd7vy3UasCY+2HOF9jJwOd3REq+4T5Iu\nmiwfMN1mhyj/JCi489TBfBiq8op09PRV6YheK07wBcOkEgp7Thj/uMQ+mWm6PZQl\nYt8Lfhg3RERBbdf3qIaEZAjvwah6WIrlr29+oBmxXnSLARNaHm2nDXkXixNoeZAp\nC0E8mULtHWvRveG+5ldwuSIfv4xtId8i93wxSrMy/6FJKGaszGsWKLYdRY9pYQA0\nKZVmfxJlt55lZcnV5J5kolAkPZtX17OT7VANW49sozkRvYK/VPXulDsBkdv9XyYT\nSQmW9DdawCAtEpnVD54CaEVWjiXxewD6VYSKqLu1MRHuEVK+jwAPDxcYJWUCAwEA\nAQKCAgAJSVwxLNSb4ZJrvvu0Jpv26Rpl8/4zMiPI7S0Z6N+JsXewYwuuhrAXGWK6\nDVc7D030g6uFeEFpd5H9h/Lxoxph6W6v2NslVvGtg6usOLb922YV5VKpA0kUU5Su\nCa392VCl4kgIzoGaOMAO1G23DRGIXxauwPLrj0h7tcpLRBBHYrMGNEuIrKhLuCAM\nCzcjrpusIy0ttUs8IEgAoqHbqBFopUnLxf66F/r/SqUbHqGfdHj5Bi/7r8seoQIu\nW0xkUtNSmJRaIFJVyY7nbFo6D2lcrA5E/LODBbpRYu0pe/BJL/RWIIvTFsCNE9F1\nMtVWNyCsXSfR+L0C9CCm+mwcAjqFHJgMZeXAJsLeSLJ5mOJqf1XodSRaXamS9Wcs\nYwSLJ6uVhCafcEsJ4LQn4HlpCGrt6rXNLp+GpQ3UrgXkcbYY3J3CjsPE+26DNSoE\nVZquwS44eFaWIwwl11CsmeucDxEnsfzJUmTnQvEpNS4PAnr/v8P/uSEBAqnyzTjJ\nsxckTJKQosFFFZSypd/pnJ/LbC8wminG+6NXMAe2AD+BlHPTx03e77RKkVpTMWw+\nFsDAn1GmznW3Z2nnIFTwQJTl/xw+4MV73L+fkjStacDar7Gf8uI+YDvv0/59a3/h\nqs/iBhk84ESqAV58gWWaznArcGuYFEwkevcTczE85szGRZOCgQKCAQEA05OP4gRY\nIFg9A0nnXjpREmyO4qYl2wj3kk7/MBoZTUuXFM+Uoc5j1itbYtP2C1QVrBQsYvwl\nT+nsx+AtpU7j0CqC3z/m51TpOvZUF2iMgAgJqPu/aLdpcmFKaxVQy0t2w/OxRHQj\nAo8T3FLyV2+2eKL1t540j8QxsauL2QUROfbaCcCEUsK5ixTrGUz5hSr2ocW8NGXD\nHhXzQeLYG3MiO+opixHZtsYujrUAWsvWqtjjMgYtb8uOMsyrBuEkjduSki6DGCNQ\niHDY9NIe+Yoy7EafGlBfK4i8e7glc9gCBAfDxzHwvDkRDQL9UytE0gXSg+QvZrre\n0ARI1E5yRPeQVQKCAQEA4ai6ci/hgdpvUiFHTfTxEYXssNRF7U5ysUW6HH03gMnj\nszm964Bk/Y4DRBwc3q7nA69aDN7yl832YN9WOeE654qrPMtAGLNkuRJhOLEANdA3\neuvDZ+zBlQf1z60ssh7cu6HodCn7uxhuU3cGvsJGgKRl5SQ38RgqVsQ99UNwe4WI\n06GuE0N75JbAK6em8TlPTrDLjSGDdOuESLkAshajhmkgvbt45j55U6wm5SKui/TW\nUiBjokU9e/5XfgKmjgi7XTvhF0vo8CQnFyj5ocZ5Tp7ARRuoqCnTKgoQL21RYliY\nO7vXB5YLxrXInnYQLizvv4NVutHWcdVo13kWzh4Q0QKCAQEAvYHllY9IlCgU9jYi\n+76GUVdVIGOrcqZ0geMqJZ6q3RYAzA4mVkv0FqgdIcczEfCNvOUQ4NRyY0Lm6By/\nJdskqJb7RBYLr1bZ1QtARPtLJX6NkIN1bckitOW573JXPNBqH5fORr8zgJ5BLs5I\n7NJOAX4NUxtsfv0/eaFrEMa+KEoYADYlD7AE2zOwZKgSsxnJcRsYuWIQw4jrqy8R\nXHzixAG4li018cVPfFlZaPo9XCgKUAtCdWlBA/VYlz/gKwPqI+9vUpaHEr7pRVhT\nkDYd6I5VAg/NPsQp9zL4sOtg2tVNocT0mNMQl7P+zZjq+qdmaOZhIsXsvyunRCrD\npUyNRQKCAQEAnJS6wu8MeFE8u22SD7rt563ZPh4dY3vyw6VRbeFJORld4Ygoi5gs\n+2+mPoWPVslgTUNIpfOxu7pTwoZWS5VIjU/AYE/cawdX1b+2LGNNdQnE5YtgrOUw\nshuy6mcMw4/8tEm1hZ14KivaqhnGWWlvCGaKucQ2+Rk+j7ReFai1DVDsT4U5x+4k\nssoUEHaltW6B5GVy6LwffmrKALg2jlx9HZAnAuBqFMG26GNlHcvB+CVs7dHBsOCA\nuGAVD8ABGD9g22HoX4Tx3mgHo99v0Fxq4i3v1kRJ9F4JQ3t2HaKqPSaig5hkrcPk\n6f5LdgEQWyodNfOI8jgWqChgNlu0glOEcQKCAQEAsag7OWUzlZfr2T4q8mlp/sQE\nykB4Ugw9zcUpanAsbXIm9AQNrkNmI5SthqJF0OjZd1S79V/ljFhLrdM0wOWVhISQ\nj+Od/YfMLRPj0c4JWNXZ4ZmwAJb2oMqfDBCwY3eD5Ykf7Gbsv+hcHz5gZUvV519m\ntLvSZHMuECUKU5IgqcY5WODLNcQMoxjoU/HFrzoiBrUEL9F5tMOGcypV1N1VrKAP\ns7UR5EnpPNYNwvg+Q00phIavdvvGYoWWpW69M5jCfW9+ndLMD9yPZA68Yr0jvI+j\n0prPAPBmFhJZhcAQQKUSRCXvWzZsFJOqBM5PelGehwhegUcRjmb7CJ4b15hzJA==\n-----END RSA PRIVATE KEY-----\n",
            "private_key_pem_pkcs8": "-----BEGIN PRIVATE KEY-----\nMIIJRAIBADANBgkqhkiG9w0BAQEFAASCCS4wggkqAgEAAoICAQC6gCRjp/cPfpXi\nt/EvF84Eeg/t4hjvV/Ah9vRe0JMOCuHCm2+SJnzRuisMtrnmQkoKRfpWK4duRP27\npDOV/r8Sp+ylOgY9JMsOzTT4POsFXXPWbcPvhZO2T61JWbGexoLJk/9nzVrmMTwO\nyUlVaYgJQNPz1oB8A9+Zx0G3mE8i6EnqgRqXXb4HdZm3xUHckwMXfwf3aGi1OlKZ\nOz2GgV1oi+64YyT7WUEN4h3YBgUvLjaB8pYIqfr1z9g0Gby2+4biVtZSRAYgoDEH\nNgyIGqB1J5yBg6yCojrRf/buq8ghEkRcOAH1bb7tdozDGGm5idLGP9F9nKh7GEmr\nn2LF3u/LdRqwJj7Yc4X2MnA53dESr7hPki6aLB8w3WaHKP8kKLjz1MF8GKryinT0\n9FXpiF4rTvAFw6QSCntOGP+4xD6Zabo9lCVi3wt+GDdEREFt1/eohoRkCO/BqHpY\niuWvb36gGbFedIsBE1oebacNeReLE2h5kCkLQTyZQu0da9G94b7mV3C5Ih+/jG0h\n3yL3fDFKszL/oUkoZqzMaxYoth1Fj2lhADQplWZ/EmW3nmVlydXknmSiUCQ9m1fX\ns5PtUA1bj2yjORG9gr9U9e6UOwGR2/1fJhNJCZb0N1rAIC0SmdUPngJoRVaOJfF7\nAPpVhIqou7UxEe4RUr6PAA8PFxglZQIDAQABAoICAAlJXDEs1Jvhkmu++7Qmm/bp\nGmXz/jMyI8jtLRno34mxd7BjC66GsBcZYroNVzsPTfSDq4V4QWl3kf2H8vGjGmHp\nbq/Y2yVW8a2Dq6w4tv3bZhXlUqkDSRRTlK4Jrf3ZUKXiSAjOgZo4wA7UbbcNEYhf\nFq7A8uuPSHu1yktEEEdiswY0S4isqEu4IAwLNyOum6wjLS21SzwgSACioduoEWil\nScvF/roX+v9KpRseoZ90ePkGL/uvyx6hAi5bTGRS01KYlFogUlXJjudsWjoPaVys\nDkT8s4MFulFi7Sl78Ekv9FYgi9MWwI0T0XUy1VY3IKxdJ9H4vQL0IKb6bBwCOoUc\nmAxl5cAmwt5IsnmY4mp/Veh1JFpdqZL1ZyxjBIsnq5WEJp9wSwngtCfgeWkIau3q\ntc0un4alDdSuBeRxthjcncKOw8T7boM1KgRVmq7BLjh4VpYjDCXXUKyZ65wPESex\n/MlSZOdC8Sk1Lg8Cev+/w/+5IQECqfLNOMmzFyRMkpCiwUUVlLKl3+mcn8tsLzCa\nKcb7o1cwB7YAP4GUc9PHTd7vtEqRWlMxbD4WwMCfUabOdbdnaecgVPBAlOX/HD7g\nxXvcv5+SNK1pwNqvsZ/y4j5gO+/T/n1rf+Gqz+IGGTzgRKoBXnyBZZrOcCtwa5gU\nTCR69xNzMTzmzMZFk4KBAoIBAQDTk4/iBFggWD0DSedeOlESbI7ipiXbCPeSTv8w\nGhlNS5cUz5ShzmPWK1ti0/YLVBWsFCxi/CVP6ezH4C2lTuPQKoLfP+bnVOk69lQX\naIyACAmo+79ot2lyYUprFVDLS3bD87FEdCMCjxPcUvJXb7Z4ovW3njSPxDGxq4vZ\nBRE59toJwIRSwrmLFOsZTPmFKvahxbw0ZcMeFfNB4tgbcyI76imLEdm2xi6OtQBa\ny9aq2OMyBi1vy44yzKsG4SSN25KSLoMYI1CIcNj00h75ijLsRp8aUF8riLx7uCVz\n2AIEB8PHMfC8ORENAv1TK0TSBdKD5C9mut7QBEjUTnJE95BVAoIBAQDhqLpyL+GB\n2m9SIUdN9PERheyw1EXtTnKxRbocfTeAyeOzOb3rgGT9jgNEHBzerucDr1oM3vKX\nzfZg31Y54Trniqs8y0AYs2S5EmE4sQA10Dd668Nn7MGVB/XPrSyyHty7oeh0Kfu7\nGG5Tdwa+wkaApGXlJDfxGCpWxD31Q3B7hYjToa4TQ3vklsArp6bxOU9OsMuNIYN0\n64RIuQCyFqOGaSC9u3jmPnlTrCblIq6L9NZSIGOiRT17/ld+AqaOCLtdO+EXS+jw\nJCcXKPmhxnlOnsBFG6ioKdMqChAvbVFiWJg7u9cHlgvGtciedhAuLO+/g1W60dZx\n1WjXeRbOHhDRAoIBAQC9geWVj0iUKBT2NiL7voZRV1UgY6typnSB4yolnqrdFgDM\nDiZWS/QWqB0hxzMR8I285RDg1HJjQuboHL8l2ySolvtEFguvVtnVC0BE+0slfo2Q\ng3VtySK05bnvclc80Gofl85GvzOAnkEuzkjs0k4Bfg1TG2x+/T95oWsQxr4oShgA\nNiUPsATbM7BkqBKzGclxGxi5YhDDiOurLxFcfOLEAbiWLTXxxU98WVlo+j1cKApQ\nC0J1aUED9ViXP+ArA+oj729SlocSvulFWFOQNh3ojlUCD80+xCn3Mviw62Da1U2h\nxPSY0xCXs/7NmOr6p2Zo5mEixey/K6dEKsOlTI1FAoIBAQCclLrC7wx4UTy7bZIP\nuu3nrdk+Hh1je/LDpVFt4Uk5GV3hiCiLmCz7b6Y+hY9WyWBNQ0il87G7ulPChlZL\nlUiNT8BgT9xrB1fVv7YsY011CcTli2Cs5TCyG7LqZwzDj/y0SbWFnXgqK9qqGcZZ\naW8IZoq5xDb5GT6PtF4VqLUNUOxPhTnH7iSyyhQQdqW1boHkZXLovB9+asoAuDaO\nXH0dkCcC4GoUwbboY2Udy8H4JWzt0cGw4IC4YBUPwAEYP2DbYehfhPHeaAej32/Q\nXGriLe/WREn0XglDe3Ydoqo9JqKDmGStw+Tp/kt2ARBbKh0184jyOBaoKGA2W7SC\nU4RxAoIBAQCxqDs5ZTOVl+vZPiryaWn+xATKQHhSDD3NxSlqcCxtcib0BA2uQ2Yj\nlK2GokXQ6Nl3VLv1X+WMWEut0zTA5ZWEhJCP4539h8wtE+PRzglY1dnhmbAAlvag\nyp8MELBjd4PliR/sZuy/6FwfPmBlS9XnX2a0u9Jkcy4QJQpTkiCpxjlY4Ms1xAyj\nGOhT8cWvOiIGtQQv0Xm0w4ZzKlXU3VWsoA+ztRHkSek81g3C+D5DTSmEhq92+8Zi\nhZalbr0zmMJ9b36d0swP3I9kDrxivSO8j6PSms8A8GYWElmFwBBApRJEJe9bNmwU\nk6oEzk96UZ6HCF6BRxGOZvsInhvXmHMk\n-----END PRIVATE KEY-----\n",
            "public_key_fingerprint_md5": "9d:0c:8c:c7:6e:a0:e7:7d:ed:4d:4d:42:42:c0:55:b9",
            "public_key_fingerprint_sha256": "SHA256:EWWL9z0fEU+A8819pKk3VHg2dFW4zH+LChFijMzXnYg",
            "public_key_openssh": "ssh-rsa AAAAB3NzaC1yc2EAAAADAQABAAACAQC6gCRjp/cPfpXit/EvF84Eeg/t4hjvV/Ah9vRe0JMOCuHCm2+SJnzRuisMtrnmQkoKRfpWK4duRP27pDOV/r8Sp+ylOgY9JMsOzTT4POsFXXPWbcPvhZO2T61JWbGexoLJk/9nzVrmMTwOyUlVaYgJQNPz1oB8A9+Zx0G3mE8i6EnqgRqXXb4HdZm3xUHckwMXfwf3aGi1OlKZOz2GgV1oi+64YyT7WUEN4h3YBgUvLjaB8pYIqfr1z9g0Gby2+4biVtZSRAYgoDEHNgyIGqB1J5yBg6yCojrRf/buq8ghEkRcOAH1bb7tdozDGGm5idLGP9F9nKh7GEmrn2LF3u/LdRqwJj7Yc4X2MnA53dESr7hPki6aLB8w3WaHKP8kKLjz1MF8GKryinT09FXpiF4rTvAFw6QSCntOGP+4xD6Zabo9lCVi3wt+GDdEREFt1/eohoRkCO/BqHpYiuWvb36gGbFedIsBE1oebacNeReLE2h5kCkLQTyZQu0da9G94b7mV3C5Ih+/jG0h3yL3fDFKszL/oUkoZqzMaxYoth1Fj2lhADQplWZ/EmW3nmVlydXknmSiUCQ9m1fXs5PtUA1bj2yjORG9gr9U9e6UOwGR2/1fJhNJCZb0N1rAIC0SmdUPngJoRVaOJfF7APpVhIqou7UxEe4RUr6PAA8PFxglZQ==\n",
            "public_key_pem": "-----BEGIN PUBLIC KEY-----\nMIICIjANBgkqhkiG9w0BAQEFAAOCAg8AMIICCgKCAgEAuoAkY6f3D36V4rfxLxfO\nBHoP7eIY71fwIfb0XtCTDgrhwptvkiZ80borDLa55kJKCkX6ViuHbkT9u6Qzlf6/\nEqfspToGPSTLDs00+DzrBV1z1m3D74WTtk+tSVmxnsaCyZP/Z81a5jE8DslJVWmI\nCUDT89aAfAPfmcdBt5hPIuhJ6oEal12+B3WZt8VB3JMDF38H92hotTpSmTs9hoFd\naIvuuGMk+1lBDeId2AYFLy42gfKWCKn69c/YNBm8tvuG4lbWUkQGIKAxBzYMiBqg\ndSecgYOsgqI60X/27qvIIRJEXDgB9W2+7XaMwxhpuYnSxj/RfZyoexhJq59ixd7v\ny3UasCY+2HOF9jJwOd3REq+4T5IumiwfMN1mhyj/JCi489TBfBiq8op09PRV6Yhe\nK07wBcOkEgp7Thj/uMQ+mWm6PZQlYt8Lfhg3RERBbdf3qIaEZAjvwah6WIrlr29+\noBmxXnSLARNaHm2nDXkXixNoeZApC0E8mULtHWvRveG+5ldwuSIfv4xtId8i93wx\nSrMy/6FJKGaszGsWKLYdRY9pYQA0KZVmfxJlt55lZcnV5J5kolAkPZtX17OT7VAN\nW49sozkRvYK/VPXulDsBkdv9XyYTSQmW9DdawCAtEpnVD54CaEVWjiXxewD6VYSK\nqLu1MRHuEVK+jwAPDxcYJWUCAwEAAQ==\n-----END PUBLIC KEY-----\n",
            "rsa_bits": 4096
          },
          "sensitive_attributes": []
        }
      ]
    }
  ],
  "check_results": null
}
